// !$*UTF8*$!
{
	archiveVersion = 1;
	classes = {
	};
	objectVersion = 46;
	objects = {

/* Begin PBXBuildFile section */
		E090EA791D54061000430310 /* AppDelegate.swift in Sources */ = {isa = PBXBuildFile; fileRef = E090EA781D54061000430310 /* AppDelegate.swift */; };
		E090EA7B1D54061000430310 /* ViewController.swift in Sources */ = {isa = PBXBuildFile; fileRef = E090EA7A1D54061000430310 /* ViewController.swift */; };
		E090EA7E1D54061000430310 /* Main.storyboard in Resources */ = {isa = PBXBuildFile; fileRef = E090EA7C1D54061000430310 /* Main.storyboard */; };
		E090EA801D54061000430310 /* Assets.xcassets in Resources */ = {isa = PBXBuildFile; fileRef = E090EA7F1D54061000430310 /* Assets.xcassets */; };
		E090EA831D54061000430310 /* LaunchScreen.storyboard in Resources */ = {isa = PBXBuildFile; fileRef = E090EA811D54061000430310 /* LaunchScreen.storyboard */; };
		E090EA8E1D54061000430310 /* Constraints_button_label_imageviewTests.swift in Sources */ = {isa = PBXBuildFile; fileRef = E090EA8D1D54061000430310 /* Constraints_button_label_imageviewTests.swift */; };
		E090EA991D54061000430310 /* Constraints_button_label_imageviewUITests.swift in Sources */ = {isa = PBXBuildFile; fileRef = E090EA981D54061000430310 /* Constraints_button_label_imageviewUITests.swift */; };
/* End PBXBuildFile section */

/* Begin PBXContainerItemProxy section */
		E090EA8A1D54061000430310 /* PBXContainerItemProxy */ = {
			isa = PBXContainerItemProxy;
			containerPortal = E090EA6D1D54061000430310 /* Project object */;
			proxyType = 1;
			remoteGlobalIDString = E090EA741D54061000430310;
			remoteInfo = Constraints_button_label_imageview;
		};
		E090EA951D54061000430310 /* PBXContainerItemProxy */ = {
			isa = PBXContainerItemProxy;
			containerPortal = E090EA6D1D54061000430310 /* Project object */;
			proxyType = 1;
			remoteGlobalIDString = E090EA741D54061000430310;
			remoteInfo = Constraints_button_label_imageview;
		};
/* End PBXContainerItemProxy section */

/* Begin PBXFileReference section */
		E090EA751D54061000430310 /* Constraints_button_label_imageview.app */ = {isa = PBXFileReference; explicitFileType = wrapper.application; includeInIndex = 0; path = Constraints_button_label_imageview.app; sourceTree = BUILT_PRODUCTS_DIR; };
		E090EA781D54061000430310 /* AppDelegate.swift */ = {isa = PBXFileReference; lastKnownFileType = sourcecode.swift; path = AppDelegate.swift; sourceTree = "<group>"; };
		E090EA7A1D54061000430310 /* ViewController.swift */ = {isa = PBXFileReference; lastKnownFileType = sourcecode.swift; path = ViewController.swift; sourceTree = "<group>"; };
		E090EA7D1D54061000430310 /* Base */ = {isa = PBXFileReference; lastKnownFileType = file.storyboard; name = Base; path = Base.lproj/Main.storyboard; sourceTree = "<group>"; };
		E090EA7F1D54061000430310 /* Assets.xcassets */ = {isa = PBXFileReference; lastKnownFileType = folder.assetcatalog; path = Assets.xcassets; sourceTree = "<group>"; };
		E090EA821D54061000430310 /* Base */ = {isa = PBXFileReference; lastKnownFileType = file.storyboard; name = Base; path = Base.lproj/LaunchScreen.storyboard; sourceTree = "<group>"; };
		E090EA841D54061000430310 /* Info.plist */ = {isa = PBXFileReference; lastKnownFileType = text.plist.xml; path = Info.plist; sourceTree = "<group>"; };
		E090EA891D54061000430310 /* Constraints_button_label_imageviewTests.xctest */ = {isa = PBXFileReference; explicitFileType = wrapper.cfbundle; includeInIndex = 0; path = Constraints_button_label_imageviewTests.xctest; sourceTree = BUILT_PRODUCTS_DIR; };
		E090EA8D1D54061000430310 /* Constraints_button_label_imageviewTests.swift */ = {isa = PBXFileReference; lastKnownFileType = sourcecode.swift; path = Constraints_button_label_imageviewTests.swift; sourceTree = "<group>"; };
		E090EA8F1D54061000430310 /* Info.plist */ = {isa = PBXFileReference; lastKnownFileType = text.plist.xml; path = Info.plist; sourceTree = "<group>"; };
		E090EA941D54061000430310 /* Constraints_button_label_imageviewUITests.xctest */ = {isa = PBXFileReference; explicitFileType = wrapper.cfbundle; includeInIndex = 0; path = Constraints_button_label_imageviewUITests.xctest; sourceTree = BUILT_PRODUCTS_DIR; };
		E090EA981D54061000430310 /* Constraints_button_label_imageviewUITests.swift */ = {isa = PBXFileReference; lastKnownFileType = sourcecode.swift; path = Constraints_button_label_imageviewUITests.swift; sourceTree = "<group>"; };
		E090EA9A1D54061000430310 /* Info.plist */ = {isa = PBXFileReference; lastKnownFileType = text.plist.xml; path = Info.plist; sourceTree = "<group>"; };
/* End PBXFileReference section */

/* Begin PBXFrameworksBuildPhase section */
		E090EA721D54061000430310 /* Frameworks */ = {
			isa = PBXFrameworksBuildPhase;
			buildActionMask = 2147483647;
			files = (
			);
			runOnlyForDeploymentPostprocessing = 0;
		};
		E090EA861D54061000430310 /* Frameworks */ = {
			isa = PBXFrameworksBuildPhase;
			buildActionMask = 2147483647;
			files = (
			);
			runOnlyForDeploymentPostprocessing = 0;
		};
		E090EA911D54061000430310 /* Frameworks */ = {
			isa = PBXFrameworksBuildPhase;
			buildActionMask = 2147483647;
			files = (
			);
			runOnlyForDeploymentPostprocessing = 0;
		};
/* End PBXFrameworksBuildPhase section */

/* Begin PBXGroup section */
		E090EA6C1D54061000430310 = {
			isa = PBXGroup;
			children = (
				E090EA771D54061000430310 /* Constraints_button_label_imageview */,
				E090EA8C1D54061000430310 /* Constraints_button_label_imageviewTests */,
				E090EA971D54061000430310 /* Constraints_button_label_imageviewUITests */,
				E090EA761D54061000430310 /* Products */,
			);
			sourceTree = "<group>";
		};
		E090EA761D54061000430310 /* Products */ = {
			isa = PBXGroup;
			children = (
				E090EA751D54061000430310 /* Constraints_button_label_imageview.app */,
				E090EA891D54061000430310 /* Constraints_button_label_imageviewTests.xctest */,
				E090EA941D54061000430310 /* Constraints_button_label_imageviewUITests.xctest */,
			);
			name = Products;
			sourceTree = "<group>";
		};
		E090EA771D54061000430310 /* Constraints_button_label_imageview */ = {
			isa = PBXGroup;
			children = (
				E090EA781D54061000430310 /* AppDelegate.swift */,
				E090EA7A1D54061000430310 /* ViewController.swift */,
				E090EA7C1D54061000430310 /* Main.storyboard */,
				E090EA7F1D54061000430310 /* Assets.xcassets */,
				E090EA811D54061000430310 /* LaunchScreen.storyboard */,
				E090EA841D54061000430310 /* Info.plist */,
			);
			path = Constraints_button_label_imageview;
			sourceTree = "<group>";
		};
		E090EA8C1D54061000430310 /* Constraints_button_label_imageviewTests */ = {
			isa = PBXGroup;
			children = (
				E090EA8D1D54061000430310 /* Constraints_button_label_imageviewTests.swift */,
				E090EA8F1D54061000430310 /* Info.plist */,
			);
			path = Constraints_button_label_imageviewTests;
			sourceTree = "<group>";
		};
		E090EA971D54061000430310 /* Constraints_button_label_imageviewUITests */ = {
			isa = PBXGroup;
			children = (
				E090EA981D54061000430310 /* Constraints_button_label_imageviewUITests.swift */,
				E090EA9A1D54061000430310 /* Info.plist */,
			);
			path = Constraints_button_label_imageviewUITests;
			sourceTree = "<group>";
		};
/* End PBXGroup section */

/* Begin PBXNativeTarget section */
		E090EA741D54061000430310 /* Constraints_button_label_imageview */ = {
			isa = PBXNativeTarget;
			buildConfigurationList = E090EA9D1D54061000430310 /* Build configuration list for PBXNativeTarget "Constraints_button_label_imageview" */;
			buildPhases = (
				E090EA711D54061000430310 /* Sources */,
				E090EA721D54061000430310 /* Frameworks */,
				E090EA731D54061000430310 /* Resources */,
			);
			buildRules = (
			);
			dependencies = (
			);
			name = Constraints_button_label_imageview;
			productName = Constraints_button_label_imageview;
			productReference = E090EA751D54061000430310 /* Constraints_button_label_imageview.app */;
			productType = "com.apple.product-type.application";
		};
		E090EA881D54061000430310 /* Constraints_button_label_imageviewTests */ = {
			isa = PBXNativeTarget;
			buildConfigurationList = E090EAA01D54061000430310 /* Build configuration list for PBXNativeTarget "Constraints_button_label_imageviewTests" */;
			buildPhases = (
				E090EA851D54061000430310 /* Sources */,
				E090EA861D54061000430310 /* Frameworks */,
				E090EA871D54061000430310 /* Resources */,
			);
			buildRules = (
			);
			dependencies = (
				E090EA8B1D54061000430310 /* PBXTargetDependency */,
			);
			name = Constraints_button_label_imageviewTests;
			productName = Constraints_button_label_imageviewTests;
			productReference = E090EA891D54061000430310 /* Constraints_button_label_imageviewTests.xctest */;
			productType = "com.apple.product-type.bundle.unit-test";
		};
		E090EA931D54061000430310 /* Constraints_button_label_imageviewUITests */ = {
			isa = PBXNativeTarget;
			buildConfigurationList = E090EAA31D54061000430310 /* Build configuration list for PBXNativeTarget "Constraints_button_label_imageviewUITests" */;
			buildPhases = (
				E090EA901D54061000430310 /* Sources */,
				E090EA911D54061000430310 /* Frameworks */,
				E090EA921D54061000430310 /* Resources */,
			);
			buildRules = (
			);
			dependencies = (
				E090EA961D54061000430310 /* PBXTargetDependency */,
			);
			name = Constraints_button_label_imageviewUITests;
			productName = Constraints_button_label_imageviewUITests;
			productReference = E090EA941D54061000430310 /* Constraints_button_label_imageviewUITests.xctest */;
			productType = "com.apple.product-type.bundle.ui-testing";
		};
/* End PBXNativeTarget section */

/* Begin PBXProject section */
		E090EA6D1D54061000430310 /* Project object */ = {
			isa = PBXProject;
			attributes = {
				LastSwiftUpdateCheck = 0730;
				LastUpgradeCheck = 0730;
				ORGANIZATIONNAME = "Magenta Qin";
				TargetAttributes = {
					E090EA741D54061000430310 = {
						CreatedOnToolsVersion = 7.3.1;
					};
					E090EA881D54061000430310 = {
						CreatedOnToolsVersion = 7.3.1;
						TestTargetID = E090EA741D54061000430310;
					};
					E090EA931D54061000430310 = {
						CreatedOnToolsVersion = 7.3.1;
						TestTargetID = E090EA741D54061000430310;
					};
				};
			};
			buildConfigurationList = E090EA701D54061000430310 /* Build configuration list for PBXProject "Constraints_button_label_imageview" */;
			compatibilityVersion = "Xcode 3.2";
			developmentRegion = English;
			hasScannedForEncodings = 0;
			knownRegions = (
				en,
				Base,
			);
			mainGroup = E090EA6C1D54061000430310;
			productRefGroup = E090EA761D54061000430310 /* Products */;
			projectDirPath = "";
			projectRoot = "";
			targets = (
				E090EA741D54061000430310 /* Constraints_button_label_imageview */,
				E090EA881D54061000430310 /* Constraints_button_label_imageviewTests */,
				E090EA931D54061000430310 /* Constraints_button_label_imageviewUITests */,
			);
		};
/* End PBXProject section */

/* Begin PBXResourcesBuildPhase section */
		E090EA731D54061000430310 /* Resources */ = {
			isa = PBXResourcesBuildPhase;
			buildActionMask = 2147483647;
			files = (
				E090EA831D54061000430310 /* LaunchScreen.storyboard in Resources */,
				E090EA801D54061000430310 /* Assets.xcassets in Resources */,
				E090EA7E1D54061000430310 /* Main.storyboard in Resources */,
			);
			runOnlyForDeploymentPostprocessing = 0;
		};
		E090EA871D54061000430310 /* Resources */ = {
			isa = PBXResourcesBuildPhase;
			buildActionMask = 2147483647;
			files = (
			);
			runOnlyForDeploymentPostprocessing = 0;
		};
		E090EA921D54061000430310 /* Resources */ = {
			isa = PBXResourcesBuildPhase;
			buildActionMask = 2147483647;
			files = (
			);
			runOnlyForDeploymentPostprocessing = 0;
		};
/* End PBXResourcesBuildPhase section */

/* Begin PBXSourcesBuildPhase section */
		E090EA711D54061000430310 /* Sources */ = {
			isa = PBXSourcesBuildPhase;
			buildActionMask = 2147483647;
			files = (
				E090EA7B1D54061000430310 /* ViewController.swift in Sources */,
				E090EA791D54061000430310 /* AppDelegate.swift in Sources */,
			);
			runOnlyForDeploymentPostprocessing = 0;
		};
		E090EA851D54061000430310 /* Sources */ = {
			isa = PBXSourcesBuildPhase;
			buildActionMask = 2147483647;
			files = (
				E090EA8E1D54061000430310 /* Constraints_button_label_imageviewTests.swift in Sources */,
			);
			runOnlyForDeploymentPostprocessing = 0;
		};
		E090EA901D54061000430310 /* Sources */ = {
			isa = PBXSourcesBuildPhase;
			buildActionMask = 2147483647;
			files = (
				E090EA991D54061000430310 /* Constraints_button_label_imageviewUITests.swift in Sources */,
			);
			runOnlyForDeploymentPostprocessing = 0;
		};
/* End PBXSourcesBuildPhase section */

/* Begin PBXTargetDependency section */
		E090EA8B1D54061000430310 /* PBXTargetDependency */ = {
			isa = PBXTargetDependency;
			target = E090EA741D54061000430310 /* Constraints_button_label_imageview */;
			targetProxy = E090EA8A1D54061000430310 /* PBXContainerItemProxy */;
		};
		E090EA961D54061000430310 /* PBXTargetDependency */ = {
			isa = PBXTargetDependency;
			target = E090EA741D54061000430310 /* Constraints_button_label_imageview */;
			targetProxy = E090EA951D54061000430310 /* PBXContainerItemProxy */;
		};
/* End PBXTargetDependency section */

/* Begin PBXVariantGroup section */
		E090EA7C1D54061000430310 /* Main.storyboard */ = {
			isa = PBXVariantGroup;
			children = (
				E090EA7D1D54061000430310 /* Base */,
			);
			name = Main.storyboard;
			sourceTree = "<group>";
		};
		E090EA811D54061000430310 /* LaunchScreen.storyboard */ = {
			isa = PBXVariantGroup;
			children = (
				E090EA821D54061000430310 /* Base */,
			);
			name = LaunchScreen.storyboard;
			sourceTree = "<group>";
		};
/* End PBXVariantGroup section */

/* Begin XCBuildConfiguration section */
		E090EA9B1D54061000430310 /* Debug */ = {
			isa = XCBuildConfiguration;
			buildSettings = {
				ALWAYS_SEARCH_USER_PATHS = NO;
				CLANG_ANALYZER_NONNULL = YES;
				CLANG_CXX_LANGUAGE_STANDARD = "gnu++0x";
				CLANG_CXX_LIBRARY = "libc++";
				CLANG_ENABLE_MODULES = YES;
				CLANG_ENABLE_OBJC_ARC = YES;
				CLANG_WARN_BOOL_CONVERSION = YES;
				CLANG_WARN_CONSTANT_CONVERSION = YES;
				CLANG_WARN_DIRECT_OBJC_ISA_USAGE = YES_ERROR;
				CLANG_WARN_EMPTY_BODY = YES;
				CLANG_WARN_ENUM_CONVERSION = YES;
				CLANG_WARN_INT_CONVERSION = YES;
				CLANG_WARN_OBJC_ROOT_CLASS = YES_ERROR;
				CLANG_WARN_UNREACHABLE_CODE = YES;
				CLANG_WARN__DUPLICATE_METHOD_MATCH = YES;
				"CODE_SIGN_IDENTITY[sdk=iphoneos*]" = "iPhone Developer";
				COPY_PHASE_STRIP = NO;
				DEBUG_INFORMATION_FORMAT = dwarf;
				ENABLE_STRICT_OBJC_MSGSEND = YES;
				ENABLE_TESTABILITY = YES;
				GCC_C_LANGUAGE_STANDARD = gnu99;
				GCC_DYNAMIC_NO_PIC = NO;
				GCC_NO_COMMON_BLOCKS = YES;
				GCC_OPTIMIZATION_LEVEL = 0;
				GCC_PREPROCESSOR_DEFINITIONS = (
					"DEBUG=1",
					"$(inherited)",
				);
				GCC_WARN_64_TO_32_BIT_CONVERSION = YES;
				GCC_WARN_ABOUT_RETURN_TYPE = YES_ERROR;
				GCC_WARN_UNDECLARED_SELECTOR = YES;
				GCC_WARN_UNINITIALIZED_AUTOS = YES_AGGRESSIVE;
				GCC_WARN_UNUSED_FUNCTION = YES;
				GCC_WARN_UNUSED_VARIABLE = YES;
				IPHONEOS_DEPLOYMENT_TARGET = 9.3;
				MTL_ENABLE_DEBUG_INFO = YES;
				ONLY_ACTIVE_ARCH = YES;
				SDKROOT = iphoneos;
				SWIFT_OPTIMIZATION_LEVEL = "-Onone";
				TARGETED_DEVICE_FAMILY = "1,2";
			};
			name = Debug;
		};
		E090EA9C1D54061000430310 /* Release */ = {
			isa = XCBuildConfiguration;
			buildSettings = {
				ALWAYS_SEARCH_USER_PATHS = NO;
				CLANG_ANALYZER_NONNULL = YES;
				CLANG_CXX_LANGUAGE_STANDARD = "gnu++0x";
				CLANG_CXX_LIBRARY = "libc++";
				CLANG_ENABLE_MODULES = YES;
				CLANG_ENABLE_OBJC_ARC = YES;
				CLANG_WARN_BOOL_CONVERSION = YES;
				CLANG_WARN_CONSTANT_CONVERSION = YES;
				CLANG_WARN_DIRECT_OBJC_ISA_USAGE = YES_ERROR;
				CLANG_WARN_EMPTY_BODY = YES;
				CLANG_WARN_ENUM_CONVERSION = YES;
				CLANG_WARN_INT_CONVERSION = YES;
				CLANG_WARN_OBJC_ROOT_CLASS = YES_ERROR;
				CLANG_WARN_UNREACHABLE_CODE = YES;
				CLANG_WARN__DUPLICATE_METHOD_MATCH = YES;
				"CODE_SIGN_IDENTITY[sdk=iphoneos*]" = "iPhone Developer";
				COPY_PHASE_STRIP = NO;
				DEBUG_INFORMATION_FORMAT = "dwarf-with-dsym";
				ENABLE_NS_ASSERTIONS = NO;
				ENABLE_STRICT_OBJC_MSGSEND = YES;
				GCC_C_LANGUAGE_STANDARD = gnu99;
				GCC_NO_COMMON_BLOCKS = YES;
				GCC_WARN_64_TO_32_BIT_CONVERSION = YES;
				GCC_WARN_ABOUT_RETURN_TYPE = YES_ERROR;
				GCC_WARN_UNDECLARED_SELECTOR = YES;
				GCC_WARN_UNINITIALIZED_AUTOS = YES_AGGRESSIVE;
				GCC_WARN_UNUSED_FUNCTION = YES;
				GCC_WARN_UNUSED_VARIABLE = YES;
				IPHONEOS_DEPLOYMENT_TARGET = 9.3;
				MTL_ENABLE_DEBUG_INFO = NO;
				SDKROOT = iphoneos;
				TARGETED_DEVICE_FAMILY = "1,2";
				VALIDATE_PRODUCT = YES;
			};
			name = Release;
		};
		E090EA9E1D54061000430310 /* Debug */ = {
			isa = XCBuildConfiguration;
			buildSettings = {
				ASSETCATALOG_COMPILER_APPICON_NAME = AppIcon;
				INFOPLIST_FILE = Constraints_button_label_imageview/Info.plist;
				LD_RUNPATH_SEARCH_PATHS = "$(inherited) @executable_path/Frameworks";
				PRODUCT_BUNDLE_IDENTIFIER = "com.Magenta.Constraints-button-label-imageview";
				PRODUCT_NAME = "$(TARGET_NAME)";
			};
			name = Debug;
		};
		E090EA9F1D54061000430310 /* Release */ = {
			isa = XCBuildConfiguration;
			buildSettings = {
				ASSETCATALOG_COMPILER_APPICON_NAME = AppIcon;
				INFOPLIST_FILE = Constraints_button_label_imageview/Info.plist;
				LD_RUNPATH_SEARCH_PATHS = "$(inherited) @executable_path/Frameworks";
				PRODUCT_BUNDLE_IDENTIFIER = "com.Magenta.Constraints-button-label-imageview";
				PRODUCT_NAME = "$(TARGET_NAME)";
			};
			name = Release;
		};
		E090EAA11D54061000430310 /* Debug */ = {
			isa = XCBuildConfiguration;
			buildSettings = {
				BUNDLE_LOADER = "$(TEST_HOST)";
				INFOPLIST_FILE = Constraints_button_label_imageviewTests/Info.plist;
				LD_RUNPATH_SEARCH_PATHS = "$(inherited) @executable_path/Frameworks @loader_path/Frameworks";
				PRODUCT_BUNDLE_IDENTIFIER = "com.Magenta.Constraints-button-label-imageviewTests";
				PRODUCT_NAME = "$(TARGET_NAME)";
				TEST_HOST = "$(BUILT_PRODUCTS_DIR)/Constraints_button_label_imageview.app/Constraints_button_label_imageview";
			};
			name = Debug;
		};
		E090EAA21D54061000430310 /* Release */ = {
			isa = XCBuildConfiguration;
			buildSettings = {
				BUNDLE_LOADER = "$(TEST_HOST)";
				INFOPLIST_FILE = Constraints_button_label_imageviewTests/Info.plist;
				LD_RUNPATH_SEARCH_PATHS = "$(inherited) @executable_path/Frameworks @loader_path/Frameworks";
				PRODUCT_BUNDLE_IDENTIFIER = "com.Magenta.Constraints-button-label-imageviewTests";
				PRODUCT_NAME = "$(TARGET_NAME)";
				TEST_HOST = "$(BUILT_PRODUCTS_DIR)/Constraints_button_label_imageview.app/Constraints_button_label_imageview";
			};
			name = Release;
		};
		E090EAA41D54061000430310 /* Debug */ = {
			isa = XCBuildConfiguration;
			buildSettings = {
				INFOPLIST_FILE = Constraints_button_label_imageviewUITests/Info.plist;
				LD_RUNPATH_SEARCH_PATHS = "$(inherited) @executable_path/Frameworks @loader_path/Frameworks";
				PRODUCT_BUNDLE_IDENTIFIER = "com.Magenta.Constraints-button-label-imageviewUITests";
				PRODUCT_NAME = "$(TARGET_NAME)";
				TEST_TARGET_NAME = Constraints_button_label_imageview;
			};
			name = Debug;
		};
		E090EAA51D54061000430310 /* Release */ = {
			isa = XCBuildConfiguration;
			buildSettings = {
				INFOPLIST_FILE = Constraints_button_label_imageviewUITests/Info.plist;
				LD_RUNPATH_SEARCH_PATHS = "$(inherited) @executable_path/Frameworks @loader_path/Frameworks";
				PRODUCT_BUNDLE_IDENTIFIER = "com.Magenta.Constraints-button-label-imageviewUITests";
				PRODUCT_NAME = "$(TARGET_NAME)";
				TEST_TARGET_NAME = Constraints_button_label_imageview;
			};
			name = Release;
		};
/* End XCBuildConfiguration section */

/* Begin XCConfigurationList section */
		E090EA701D54061000430310 /* Build configuration list for PBXProject "Constraints_button_label_imageview" */ = {
			isa = XCConfigurationList;
			buildConfigurations = (
				E090EA9B1D54061000430310 /* Debug */,
				E090EA9C1D54061000430310 /* Release */,
			);
			defaultConfigurationIsVisible = 0;
			defaultConfigurationName = Release;
		};
		E090EA9D1D54061000430310 /* Build configuration list for PBXNativeTarget "Constraints_button_label_imageview" */ = {
			isa = XCConfigurationList;
			buildConfigurations = (
				E090EA9E1D54061000430310 /* Debug */,
				E090EA9F1D54061000430310 /* Release */,
			);
			defaultConfigurationIsVisible = 0;
		};
		E090EAA01D54061000430310 /* Build configuration list for PBXNativeTarget "Constraints_button_label_imageviewTests" */ = {
			isa = XCConfigurationList;
			buildConfigurations = (
				E090EAA11D54061000430310 /* Debug */,
				E090EAA21D54061000430310 /* Release */,
			);
			defaultConfigurationIsVisible = 0;
		};
		E090EAA31D54061000430310 /* Build configuration list for PBXNativeTarget "Constraints_button_label_imageviewUITests" */ = {
			isa = XCConfigurationList;
			buildConfigurations = (
				E090EAA41D54061000430310 /* Debug */,
				E090EAA51D54061000430310 /* Release */,
			);
			defaultConfigurationIsVisible = 0;
		};
/* End XCConfigurationList section */
	};
	rootObject = E090EA6D1D54061000430310 /* Project object */;
}
